
Microsoft Visual Studio Solution File, Format Version 12.00
# Visual Studio Version 16
VisualStudioVersion = 16.0.30517.126
MinimumVisualStudioVersion = 10.0.40219.1
Project("{FAE04EC0-301F-11D3-BF4B-00C04F79EFBC}") = "to-do-backend", "to-do-backend\to-do-backend.csproj", "{A41956C0-682F-48CA-8FCD-695E2A49C661}"
EndProject
Global
	GlobalSection(SolutionConfigurationPlatforms) = preSolution
		Debug|Any CPU = Debug|Any CPU
		Release|Any CPU = Release|Any CPU
	EndGlobalSection
	GlobalSection(ProjectConfigurationPlatforms) = postSolution
		{A41956C0-682F-48CA-8FCD-695E2A49C661}.Debug|Any CPU.ActiveCfg = Debug|Any CPU
		{A41956C0-682F-48CA-8FCD-695E2A49C661}.Debug|Any CPU.Build.0 = Debug|Any CPU
		{A41956C0-682F-48CA-8FCD-695E2A49C661}.Release|Any CPU.ActiveCfg = Release|Any CPU
		{A41956C0-682F-48CA-8FCD-695E2A49C661}.Release|Any CPU.Build.0 = Release|Any CPU
	EndGlobalSection
	GlobalSection(SolutionProperties) = preSolution
		HideSolutionNode = FALSE
	EndGlobalSection
	GlobalSection(ExtensibilityGlobals) = postSolution
		SolutionGuid = {DDE3AE98-2F66-4FE9-9898-9E800EC0BEC9}
	EndGlobalSection
EndGlobal
